
Microsoft Visual Studio Solution File, Format Version 12.00
# Visual Studio Version 17
VisualStudioVersion = 17.14.36414.22 d17.14
MinimumVisualStudioVersion = 10.0.40219.1
Project("{FAE04EC0-301F-11D3-BF4B-00C04F79EFBC}") = "BookShoppingCartMvcUI", "BookShoppingCartMvcUI\BookShoppingCartMvcUI.csproj", "{816F5702-CF50-4014-8287-B81EDD98D066}"
EndProject
Global
	GlobalSection(SolutionConfigurationPlatforms) = preSolution
		Debug|Any CPU = Debug|Any CPU
		Release|Any CPU = Release|Any CPU
	EndGlobalSection
	GlobalSection(ProjectConfigurationPlatforms) = postSolution
		{816F5702-CF50-4014-8287-B81EDD98D066}.Debug|Any CPU.ActiveCfg = Debug|Any CPU
		{816F5702-CF50-4014-8287-B81EDD98D066}.Debug|Any CPU.Build.0 = Debug|Any CPU
		{816F5702-CF50-4014-8287-B81EDD98D066}.Release|Any CPU.ActiveCfg = Release|Any CPU
		{816F5702-CF50-4014-8287-B81EDD98D066}.Release|Any CPU.Build.0 = Release|Any CPU
	EndGlobalSection
	GlobalSection(SolutionProperties) = preSolution
		HideSolutionNode = FALSE
	EndGlobalSection
	GlobalSection(ExtensibilityGlobals) = postSolution
		SolutionGuid = {AD8EB6A0-0BB6-4EAE-9CBC-C8C20128254A}
	EndGlobalSection
EndGlobal
